Microsoft Visual Studio Solution File, Format Version 8.00
Project("{F184B08F-C81C-45F6-A57F-5ABD9991F28F}") = "gps project", "gps project.vbproj", "{FF07076A-9948-48BB-B569-B3A2E51B9479}"
	ProjectSection(ProjectDependencies) = postProject
	EndProjectSection
EndProject
Global
	GlobalSection(SolutionConfiguration) = preSolution
		Debug = Debug
		Release = Release
	EndGlobalSection
	GlobalSection(ProjectConfiguration) = postSolution
		{FF07076A-9948-48BB-B569-B3A2E51B9479}.Debug.ActiveCfg = Debug|.NET
		{FF07076A-9948-48BB-B569-B3A2E51B9479}.Debug.Build.0 = Debug|.NET
		{FF07076A-9948-48BB-B569-B3A2E51B9479}.Release.ActiveCfg = Release|.NET
		{FF07076A-9948-48BB-B569-B3A2E51B9479}.Release.Build.0 = Release|.NET
	EndGlobalSection
	GlobalSection(ExtensibilityGlobals) = postSolution
	EndGlobalSection
	GlobalSection(ExtensibilityAddIns) = postSolution
	EndGlobalSection
EndGlobal
